// !$*UTF8*$!
{
	archiveVersion = 1;
	classes = {
	};
	objectVersion = 48;
	objects = {

/* Begin PBXBuildFile section */
		4C730E6F1FCF0B0B00F89707 /* fundo.png in Resources */ = {isa = PBXBuildFile; fileRef = 4C730E6E1FCF0B0B00F89707 /* fundo.png */; };
		4C730E711FCF0B1400F89707 /* logo.png in Resources */ = {isa = PBXBuildFile; fileRef = 4C730E701FCF0B1400F89707 /* logo.png */; };
		4C90F7711FCD01CB00707F1F /* Champagne&Limousines.ttf in Resources */ = {isa = PBXBuildFile; fileRef = 4C90F76E1FCD01CB00707F1F /* Champagne&Limousines.ttf */; };
		4C90F7741FCD022300707F1F /* Champagne&LimousinesBold.ttf in Resources */ = {isa = PBXBuildFile; fileRef = 4C90F7721FCD022300707F1F /* Champagne&LimousinesBold.ttf */; };
		4C90F7751FCD022300707F1F /* Champagne&LimousinesBoldItalic.ttf in Resources */ = {isa = PBXBuildFile; fileRef = 4C90F7731FCD022300707F1F /* Champagne&LimousinesBoldItalic.ttf */; };
		4CAA49E61FD5E9330027671F /* Icon-64.png in Resources */ = {isa = PBXBuildFile; fileRef = 4CAA49C81FD5E9310027671F /* Icon-64.png */; };
		4CAA49E71FD5E9330027671F /* Icon-144.png in Resources */ = {isa = PBXBuildFile; fileRef = 4CAA49C91FD5E9310027671F /* Icon-144.png */; };
		4CAA49E81FD5E9330027671F /* Icon-120.png in Resources */ = {isa = PBXBuildFile; fileRef = 4CAA49CA1FD5E9310027671F /* Icon-120.png */; };
		4CAA49E91FD5E9330027671F /* Icon-20.png in Resources */ = {isa = PBXBuildFile; fileRef = 4CAA49CB1FD5E9310027671F /* Icon-20.png */; };
		4CAA49EA1FD5E9330027671F /* Icon-55.png in Resources */ = {isa = PBXBuildFile; fileRef = 4CAA49CC1FD5E9310027671F /* Icon-55.png */; };
		4CAA49EB1FD5E9330027671F /* Icon-256.png in Resources */ = {isa = PBXBuildFile; fileRef = 4CAA49CD1FD5E9310027671F /* Icon-256.png */; };
		4CAA49EC1FD5E9330027671F /* Icon-60.png in Resources */ = {isa = PBXBuildFile; fileRef = 4CAA49CE1FD5E9310027671F /* Icon-60.png */; };
		4CAA49ED1FD5E9330027671F /* Icon-58.png in Resources */ = {isa = PBXBuildFile; fileRef = 4CAA49CF1FD5E9320027671F /* Icon-58.png */; };
		4CAA49EE1FD5E9330027671F /* Icon-100.png in Resources */ = {isa = PBXBuildFile; fileRef = 4CAA49D01FD5E9320027671F /* Icon-100.png */; };
		4CAA49EF1FD5E9330027671F /* Icon-180.png in Resources */ = {isa = PBXBuildFile; fileRef = 4CAA49D11FD5E9320027671F /* Icon-180.png */; };
		4CAA49F01FD5E9330027671F /* Icon-32.png in Resources */ = {isa = PBXBuildFile; fileRef = 4CAA49D21FD5E9320027671F /* Icon-32.png */; };
		4CAA49F11FD5E9330027671F /* Icon-57.png in Resources */ = {isa = PBXBuildFile; fileRef = 4CAA49D31FD5E9320027671F /* Icon-57.png */; };
		4CAA49F21FD5E9330027671F /* Icon-80.png in Resources */ = {isa = PBXBuildFile; fileRef = 4CAA49D41FD5E9320027671F /* Icon-80.png */; };
		4CAA49F31FD5E9330027671F /* Icon-128.png in Resources */ = {isa = PBXBuildFile; fileRef = 4CAA49D51FD5E9320027671F /* Icon-128.png */; };
		4CAA49F41FD5E9330027671F /* Icon-1024.png in Resources */ = {isa = PBXBuildFile; fileRef = 4CAA49D61FD5E9320027671F /* Icon-1024.png */; };
		4CAA49F51FD5E9330027671F /* Icon-50.png in Resources */ = {isa = PBXBuildFile; fileRef = 4CAA49D71FD5E9320027671F /* Icon-50.png */; };
		4CAA49F61FD5E9330027671F /* Icon-29.png in Resources */ = {isa = PBXBuildFile; fileRef = 4CAA49D81FD5E9320027671F /* Icon-29.png */; };
		4CAA49F71FD5E9330027671F /* Icon-87.png in Resources */ = {isa = PBXBuildFile; fileRef = 4CAA49D91FD5E9320027671F /* Icon-87.png */; };
		4CAA49F81FD5E9330027671F /* Icon-152.png in Resources */ = {isa = PBXBuildFile; fileRef = 4CAA49DA1FD5E9320027671F /* Icon-152.png */; };
		4CAA49F91FD5E9330027671F /* Icon-40.png in Resources */ = {isa = PBXBuildFile; fileRef = 4CAA49DB1FD5E9320027671F /* Icon-40.png */; };
		4CAA49FA1FD5E9330027671F /* Icon-167.png in Resources */ = {isa = PBXBuildFile; fileRef = 4CAA49DC1FD5E9320027671F /* Icon-167.png */; };
		4CAA49FB1FD5E9330027671F /* Icon-88.png in Resources */ = {isa = PBXBuildFile; fileRef = 4CAA49DD1FD5E9320027671F /* Icon-88.png */; };
		4CAA49FC1FD5E9330027671F /* Icon-48.png in Resources */ = {isa = PBXBuildFile; fileRef = 4CAA49DE1FD5E9320027671F /* Icon-48.png */; };
		4CAA49FD1FD5E9330027671F /* Icon-172.png in Resources */ = {isa = PBXBuildFile; fileRef = 4CAA49DF1FD5E9320027671F /* Icon-172.png */; };
		4CAA49FE1FD5E9330027671F /* Icon-76.png in Resources */ = {isa = PBXBuildFile; fileRef = 4CAA49E01FD5E9320027671F /* Icon-76.png */; };
		4CAA49FF1FD5E9330027671F /* Icon-196.png in Resources */ = {isa = PBXBuildFile; fileRef = 4CAA49E11FD5E9320027671F /* Icon-196.png */; };
		4CAA4A001FD5E9330027671F /* Icon-16.png in Resources */ = {isa = PBXBuildFile; fileRef = 4CAA49E21FD5E9320027671F /* Icon-16.png */; };
		4CAA4A011FD5E9330027671F /* Icon-114.png in Resources */ = {isa = PBXBuildFile; fileRef = 4CAA49E31FD5E9320027671F /* Icon-114.png */; };
		4CAA4A021FD5E9330027671F /* Icon-512.png in Resources */ = {isa = PBXBuildFile; fileRef = 4CAA49E41FD5E9330027671F /* Icon-512.png */; };
		4CAA4A031FD5E9330027671F /* Icon-72.png in Resources */ = {isa = PBXBuildFile; fileRef = 4CAA49E51FD5E9330027671F /* Icon-72.png */; };
		4CB42E961FDF1F3900E20928 /* Default-568h@2x.png in Resources */ = {isa = PBXBuildFile; fileRef = 4CB42E951FDF1F3900E20928 /* Default-568h@2x.png */; };
		9B8167871FC86F0A003DDAEB /* AppDelegate.swift in Sources */ = {isa = PBXBuildFile; fileRef = 9B8167861FC86F0A003DDAEB /* AppDelegate.swift */; };
		9B8167891FC86F0A003DDAEB /* ViewController.swift in Sources */ = {isa = PBXBuildFile; fileRef = 9B8167881FC86F0A003DDAEB /* ViewController.swift */; };
		9B81678C1FC86F0A003DDAEB /* Main.storyboard in Resources */ = {isa = PBXBuildFile; fileRef = 9B81678A1FC86F0A003DDAEB /* Main.storyboard */; };
		9B81678E1FC86F0A003DDAEB /* Assets.xcassets in Resources */ = {isa = PBXBuildFile; fileRef = 9B81678D1FC86F0A003DDAEB /* Assets.xcassets */; };
		9B8167911FC86F0A003DDAEB /* LaunchScreen.storyboard in Resources */ = {isa = PBXBuildFile; fileRef = 9B81678F1FC86F0A003DDAEB /* LaunchScreen.storyboard */; };
		9B8167991FC87084003DDAEB /* UserDefaultsManager.swift in Sources */ = {isa = PBXBuildFile; fileRef = 9B8167981FC87083003DDAEB /* UserDefaultsManager.swift */; };
		9B81679B1FC87386003DDAEB /* GradeController.swift in Sources */ = {isa = PBXBuildFile; fileRef = 9B81679A1FC87386003DDAEB /* GradeController.swift */; };
/* End PBXBuildFile section */

/* Begin PBXFileReference section */
		4C730E6E1FCF0B0B00F89707 /* fundo.png */ = {isa = PBXFileReference; lastKnownFileType = image.png; path = fundo.png; sourceTree = "<group>"; };
		4C730E701FCF0B1400F89707 /* logo.png */ = {isa = PBXFileReference; lastKnownFileType = image.png; path = logo.png; sourceTree = "<group>"; };
		4C90F76E1FCD01CB00707F1F /* Champagne&Limousines.ttf */ = {isa = PBXFileReference; lastKnownFileType = file; path = "Champagne&Limousines.ttf"; sourceTree = "<group>"; };
		4C90F7721FCD022300707F1F /* Champagne&LimousinesBold.ttf */ = {isa = PBXFileReference; lastKnownFileType = file; path = "Champagne&LimousinesBold.ttf"; sourceTree = "<group>"; };
		4C90F7731FCD022300707F1F /* Champagne&LimousinesBoldItalic.ttf */ = {isa = PBXFileReference; lastKnownFileType = file; path = "Champagne&LimousinesBoldItalic.ttf"; sourceTree = "<group>"; };
		4CAA49C81FD5E9310027671F /* Icon-64.png */ = {isa = PBXFileReference; lastKnownFileType = image.png; path = "Icon-64.png"; sourceTree = "<group>"; };
		4CAA49C91FD5E9310027671F /* Icon-144.png */ = {isa = PBXFileReference; lastKnownFileType = image.png; path = "Icon-144.png"; sourceTree = "<group>"; };
		4CAA49CA1FD5E9310027671F /* Icon-120.png */ = {isa = PBXFileReference; lastKnownFileType = image.png; path = "Icon-120.png"; sourceTree = "<group>"; };
		4CAA49CB1FD5E9310027671F /* Icon-20.png */ = {isa = PBXFileReference; lastKnownFileType = image.png; path = "Icon-20.png"; sourceTree = "<group>"; };
		4CAA49CC1FD5E9310027671F /* Icon-55.png */ = {isa = PBXFileReference; lastKnownFileType = image.png; path = "Icon-55.png"; sourceTree = "<group>"; };
		4CAA49CD1FD5E9310027671F /* Icon-256.png */ = {isa = PBXFileReference; lastKnownFileType = image.png; path = "Icon-256.png"; sourceTree = "<group>"; };
		4CAA49CE1FD5E9310027671F /* Icon-60.png */ = {isa = PBXFileReference; lastKnownFileType = image.png; path = "Icon-60.png"; sourceTree = "<group>"; };
		4CAA49CF1FD5E9320027671F /* Icon-58.png */ = {isa = PBXFileReference; lastKnownFileType = image.png; path = "Icon-58.png"; sourceTree = "<group>"; };
		4CAA49D01FD5E9320027671F /* Icon-100.png */ = {isa = PBXFileReference; lastKnownFileType = image.png; path = "Icon-100.png"; sourceTree = "<group>"; };
		4CAA49D11FD5E9320027671F /* Icon-180.png */ = {isa = PBXFileReference; lastKnownFileType = image.png; path = "Icon-180.png"; sourceTree = "<group>"; };
		4CAA49D21FD5E9320027671F /* Icon-32.png */ = {isa = PBXFileReference; lastKnownFileType = image.png; path = "Icon-32.png"; sourceTree = "<group>"; };
		4CAA49D31FD5E9320027671F /* Icon-57.png */ = {isa = PBXFileReference; lastKnownFileType = image.png; path = "Icon-57.png"; sourceTree = "<group>"; };
		4CAA49D41FD5E9320027671F /* Icon-80.png */ = {isa = PBXFileReference; lastKnownFileType = image.png; path = "Icon-80.png"; sourceTree = "<group>"; };
		4CAA49D51FD5E9320027671F /* Icon-128.png */ = {isa = PBXFileReference; lastKnownFileType = image.png; path = "Icon-128.png"; sourceTree = "<group>"; };
		4CAA49D61FD5E9320027671F /* Icon-1024.png */ = {isa = PBXFileReference; lastKnownFileType = image.png; path = "Icon-1024.png"; sourceTree = "<group>"; };
		4CAA49D71FD5E9320027671F /* Icon-50.png */ = {isa = PBXFileReference; lastKnownFileType = image.png; path = "Icon-50.png"; sourceTree = "<group>"; };
		4CAA49D81FD5E9320027671F /* Icon-29.png */ = {isa = PBXFileReference; lastKnownFileType = image.png; path = "Icon-29.png"; sourceTree = "<group>"; };
		4CAA49D91FD5E9320027671F /* Icon-87.png */ = {isa = PBXFileReference; lastKnownFileType = image.png; path = "Icon-87.png"; sourceTree = "<group>"; };
		4CAA49DA1FD5E9320027671F /* Icon-152.png */ = {isa = PBXFileReference; lastKnownFileType = image.png; path = "Icon-152.png"; sourceTree = "<group>"; };
		4CAA49DB1FD5E9320027671F /* Icon-40.png */ = {isa = PBXFileReference; lastKnownFileType = image.png; path = "Icon-40.png"; sourceTree = "<group>"; };
		4CAA49DC1FD5E9320027671F /* Icon-167.png */ = {isa = PBXFileReference; lastKnownFileType = image.png; path = "Icon-167.png"; sourceTree = "<group>"; };
		4CAA49DD1FD5E9320027671F /* Icon-88.png */ = {isa = PBXFileReference; lastKnownFileType = image.png; path = "Icon-88.png"; sourceTree = "<group>"; };
		4CAA49DE1FD5E9320027671F /* Icon-48.png */ = {isa = PBXFileReference; lastKnownFileType = image.png; path = "Icon-48.png"; sourceTree = "<group>"; };
		4CAA49DF1FD5E9320027671F /* Icon-172.png */ = {isa = PBXFileReference; lastKnownFileType = image.png; path = "Icon-172.png"; sourceTree = "<group>"; };
		4CAA49E01FD5E9320027671F /* Icon-76.png */ = {isa = PBXFileReference; lastKnownFileType = image.png; path = "Icon-76.png"; sourceTree = "<group>"; };
		4CAA49E11FD5E9320027671F /* Icon-196.png */ = {isa = PBXFileReference; lastKnownFileType = image.png; path = "Icon-196.png"; sourceTree = "<group>"; };
		4CAA49E21FD5E9320027671F /* Icon-16.png */ = {isa = PBXFileReference; lastKnownFileType = image.png; path = "Icon-16.png"; sourceTree = "<group>"; };
		4CAA49E31FD5E9320027671F /* Icon-114.png */ = {isa = PBXFileReference; lastKnownFileType = image.png; path = "Icon-114.png"; sourceTree = "<group>"; };
		4CAA49E41FD5E9330027671F /* Icon-512.png */ = {isa = PBXFileReference; lastKnownFileType = image.png; path = "Icon-512.png"; sourceTree = "<group>"; };
		4CAA49E51FD5E9330027671F /* Icon-72.png */ = {isa = PBXFileReference; lastKnownFileType = image.png; path = "Icon-72.png"; sourceTree = "<group>"; };
		4CB42E951FDF1F3900E20928 /* Default-568h@2x.png */ = {isa = PBXFileReference; lastKnownFileType = image.png; path = "Default-568h@2x.png"; sourceTree = "<group>"; };
		9B8167831FC86F0A003DDAEB /* Evaluation+.app */ = {isa = PBXFileReference; explicitFileType = wrapper.application; includeInIndex = 0; path = "Evaluation+.app"; sourceTree = BUILT_PRODUCTS_DIR; };
		9B8167861FC86F0A003DDAEB /* AppDelegate.swift */ = {isa = PBXFileReference; lastKnownFileType = sourcecode.swift; path = AppDelegate.swift; sourceTree = "<group>"; };
		9B8167881FC86F0A003DDAEB /* ViewController.swift */ = {isa = PBXFileReference; lastKnownFileType = sourcecode.swift; path = ViewController.swift; sourceTree = "<group>"; };
		9B81678B1FC86F0A003DDAEB /* Base */ = {isa = PBXFileReference; lastKnownFileType = file.storyboard; name = Base; path = Base.lproj/Main.storyboard; sourceTree = "<group>"; };
		9B81678D1FC86F0A003DDAEB /* Assets.xcassets */ = {isa = PBXFileReference; lastKnownFileType = folder.assetcatalog; path = Assets.xcassets; sourceTree = "<group>"; };
		9B8167901FC86F0A003DDAEB /* Base */ = {isa = PBXFileReference; lastKnownFileType = file.storyboard; name = Base; path = Base.lproj/LaunchScreen.storyboard; sourceTree = "<group>"; };
		9B8167921FC86F0A003DDAEB /* Info.plist */ = {isa = PBXFileReference; lastKnownFileType = text.plist.xml; path = Info.plist; sourceTree = "<group>"; };
		9B8167981FC87083003DDAEB /* UserDefaultsManager.swift */ = {isa = PBXFileReference; fileEncoding = 4; lastKnownFileType = sourcecode.swift; path = UserDefaultsManager.swift; sourceTree = "<group>"; };
		9B81679A1FC87386003DDAEB /* GradeController.swift */ = {isa = PBXFileReference; lastKnownFileType = sourcecode.swift; path = GradeController.swift; sourceTree = "<group>"; };
/* End PBXFileReference section */

/* Begin PBXFrameworksBuildPhase section */
		9B8167801FC86F0A003DDAEB /* Frameworks */ = {
			isa = PBXFrameworksBuildPhase;
			buildActionMask = 2147483647;
			files = (
			);
			runOnlyForDeploymentPostprocessing = 0;
		};
/* End PBXFrameworksBuildPhase section */

/* Begin PBXGroup section */
		4C90F75A1FCCFDE300707F1F /* Image */ = {
			isa = PBXGroup;
			children = (
				4C730E701FCF0B1400F89707 /* logo.png */,
				4C730E6E1FCF0B0B00F89707 /* fundo.png */,
			);
			path = Image;
			sourceTree = "<group>";
		};
		4C90F76B1FCD019A00707F1F /* font */ = {
			isa = PBXGroup;
			children = (
				4C90F7721FCD022300707F1F /* Champagne&LimousinesBold.ttf */,
				4C90F7731FCD022300707F1F /* Champagne&LimousinesBoldItalic.ttf */,
				4C90F76E1FCD01CB00707F1F /* Champagne&Limousines.ttf */,
			);
			path = font;
			sourceTree = "<group>";
		};
		4CAA49C71FD5E8FC0027671F /* icone */ = {
			isa = PBXGroup;
			children = (
				4CAA49E21FD5E9320027671F /* Icon-16.png */,
				4CAA49CB1FD5E9310027671F /* Icon-20.png */,
				4CAA49D81FD5E9320027671F /* Icon-29.png */,
				4CAA49D21FD5E9320027671F /* Icon-32.png */,
				4CAA49DB1FD5E9320027671F /* Icon-40.png */,
				4CAA49DE1FD5E9320027671F /* Icon-48.png */,
				4CAA49D71FD5E9320027671F /* Icon-50.png */,
				4CAA49CC1FD5E9310027671F /* Icon-55.png */,
				4CAA49D31FD5E9320027671F /* Icon-57.png */,
				4CAA49CF1FD5E9320027671F /* Icon-58.png */,
				4CAA49CE1FD5E9310027671F /* Icon-60.png */,
				4CAA49C81FD5E9310027671F /* Icon-64.png */,
				4CAA49E51FD5E9330027671F /* Icon-72.png */,
				4CAA49E01FD5E9320027671F /* Icon-76.png */,
				4CAA49D41FD5E9320027671F /* Icon-80.png */,
				4CAA49D91FD5E9320027671F /* Icon-87.png */,
				4CAA49DD1FD5E9320027671F /* Icon-88.png */,
				4CAA49D01FD5E9320027671F /* Icon-100.png */,
				4CAA49E31FD5E9320027671F /* Icon-114.png */,
				4CAA49CA1FD5E9310027671F /* Icon-120.png */,
				4CAA49D51FD5E9320027671F /* Icon-128.png */,
				4CAA49C91FD5E9310027671F /* Icon-144.png */,
				4CAA49DA1FD5E9320027671F /* Icon-152.png */,
				4CAA49DC1FD5E9320027671F /* Icon-167.png */,
				4CAA49DF1FD5E9320027671F /* Icon-172.png */,
				4CAA49D11FD5E9320027671F /* Icon-180.png */,
				4CAA49E11FD5E9320027671F /* Icon-196.png */,
				4CAA49CD1FD5E9310027671F /* Icon-256.png */,
				4CAA49E41FD5E9330027671F /* Icon-512.png */,
				4CAA49D61FD5E9320027671F /* Icon-1024.png */,
			);
			path = icone;
			sourceTree = "<group>";
		};
		9B81677A1FC86F09003DDAEB = {
			isa = PBXGroup;
			children = (
				4CB42E951FDF1F3900E20928 /* Default-568h@2x.png */,
				9B8167851FC86F0A003DDAEB /* Evaluation+ */,
				9B8167841FC86F0A003DDAEB /* Products */,
			);
			sourceTree = "<group>";
		};
		9B8167841FC86F0A003DDAEB /* Products */ = {
			isa = PBXGroup;
			children = (
				9B8167831FC86F0A003DDAEB /* Evaluation+.app */,
			);
			name = Products;
			sourceTree = "<group>";
		};
		9B8167851FC86F0A003DDAEB /* Evaluation+ */ = {
			isa = PBXGroup;
			children = (
				4CAA49C71FD5E8FC0027671F /* icone */,
				4C90F76B1FCD019A00707F1F /* font */,
				4C90F75A1FCCFDE300707F1F /* Image */,
				9B8167981FC87083003DDAEB /* UserDefaultsManager.swift */,
				9B8167861FC86F0A003DDAEB /* AppDelegate.swift */,
				9B8167881FC86F0A003DDAEB /* ViewController.swift */,
				9B81679A1FC87386003DDAEB /* GradeController.swift */,
				9B81678A1FC86F0A003DDAEB /* Main.storyboard */,
				9B81678D1FC86F0A003DDAEB /* Assets.xcassets */,
				9B81678F1FC86F0A003DDAEB /* LaunchScreen.storyboard */,
				9B8167921FC86F0A003DDAEB /* Info.plist */,
			);
			path = "Evaluation+";
			sourceTree = "<group>";
		};
/* End PBXGroup section */

/* Begin PBXNativeTarget section */
		9B8167821FC86F0A003DDAEB /* Evaluation+ */ = {
			isa = PBXNativeTarget;
			buildConfigurationList = 9B8167951FC86F0A003DDAEB /* Build configuration list for PBXNativeTarget "Evaluation+" */;
			buildPhases = (
				9B81677F1FC86F0A003DDAEB /* Sources */,
				9B8167801FC86F0A003DDAEB /* Frameworks */,
				9B8167811FC86F0A003DDAEB /* Resources */,
			);
			buildRules = (
			);
			dependencies = (
			);
			name = "Evaluation+";
			productName = "Evaluation+";
			productReference = 9B8167831FC86F0A003DDAEB /* Evaluation+.app */;
			productType = "com.apple.product-type.application";
		};
/* End PBXNativeTarget section */

/* Begin PBXProject section */
		9B81677B1FC86F09003DDAEB /* Project object */ = {
			isa = PBXProject;
			attributes = {
				LastSwiftUpdateCheck = 0910;
				LastUpgradeCheck = 0910;
				ORGANIZATIONNAME = eleves;
				TargetAttributes = {
					9B8167821FC86F0A003DDAEB = {
						CreatedOnToolsVersion = 9.1;
						ProvisioningStyle = Automatic;
					};
				};
			};
			buildConfigurationList = 9B81677E1FC86F09003DDAEB /* Build configuration list for PBXProject "Evaluation+" */;
			compatibilityVersion = "Xcode 8.0";
			developmentRegion = en;
			hasScannedForEncodings = 0;
			knownRegions = (
				en,
				Base,
			);
			mainGroup = 9B81677A1FC86F09003DDAEB;
			productRefGroup = 9B8167841FC86F0A003DDAEB /* Products */;
			projectDirPath = "";
			projectRoot = "";
			targets = (
				9B8167821FC86F0A003DDAEB /* Evaluation+ */,
			);
		};
/* End PBXProject section */

/* Begin PBXResourcesBuildPhase section */
		9B8167811FC86F0A003DDAEB /* Resources */ = {
			isa = PBXResourcesBuildPhase;
			buildActionMask = 2147483647;
			files = (
				4CAA49F11FD5E9330027671F /* Icon-57.png in Resources */,
				4C730E6F1FCF0B0B00F89707 /* fundo.png in Resources */,
				4CAA49ED1FD5E9330027671F /* Icon-58.png in Resources */,
				4CAA49FF1FD5E9330027671F /* Icon-196.png in Resources */,
				4CAA4A001FD5E9330027671F /* Icon-16.png in Resources */,
				4CAA49E81FD5E9330027671F /* Icon-120.png in Resources */,
				4CAA49F61FD5E9330027671F /* Icon-29.png in Resources */,
				4CAA4A011FD5E9330027671F /* Icon-114.png in Resources */,
				4CAA49F71FD5E9330027671F /* Icon-87.png in Resources */,
				4CAA49EE1FD5E9330027671F /* Icon-100.png in Resources */,
				4CAA49E91FD5E9330027671F /* Icon-20.png in Resources */,
				4CAA49FB1FD5E9330027671F /* Icon-88.png in Resources */,
				4C90F7741FCD022300707F1F /* Champagne&LimousinesBold.ttf in Resources */,
				4CAA49F41FD5E9330027671F /* Icon-1024.png in Resources */,
				4CAA49EA1FD5E9330027671F /* Icon-55.png in Resources */,
				4CAA49EC1FD5E9330027671F /* Icon-60.png in Resources */,
				4CAA49E61FD5E9330027671F /* Icon-64.png in Resources */,
				9B8167911FC86F0A003DDAEB /* LaunchScreen.storyboard in Resources */,
				4CAA49FD1FD5E9330027671F /* Icon-172.png in Resources */,
				4CAA49F01FD5E9330027671F /* Icon-32.png in Resources */,
				4CAA49FE1FD5E9330027671F /* Icon-76.png in Resources */,
				4C90F7711FCD01CB00707F1F /* Champagne&Limousines.ttf in Resources */,
				4C730E711FCF0B1400F89707 /* logo.png in Resources */,
				4CAA49F21FD5E9330027671F /* Icon-80.png in Resources */,
				9B81678E1FC86F0A003DDAEB /* Assets.xcassets in Resources */,
				4CAA49F51FD5E9330027671F /* Icon-50.png in Resources */,
				4CAA49FA1FD5E9330027671F /* Icon-167.png in Resources */,
				4CAA49F31FD5E9330027671F /* Icon-128.png in Resources */,
				4C90F7751FCD022300707F1F /* Champagne&LimousinesBoldItalic.ttf in Resources */,
				4CAA49E71FD5E9330027671F /* Icon-144.png in Resources */,
				4CAA49EB1FD5E9330027671F /* Icon-256.png in Resources */,
				4CAA4A031FD5E9330027671F /* Icon-72.png in Resources */,
				4CAA49F91FD5E9330027671F /* Icon-40.png in Resources */,
				4CAA4A021FD5E9330027671F /* Icon-512.png in Resources */,
				4CAA49EF1FD5E9330027671F /* Icon-180.png in Resources */,
				4CB42E961FDF1F3900E20928 /* Default-568h@2x.png in Resources */,
				4CAA49F81FD5E9330027671F /* Icon-152.png in Resources */,
				9B81678C1FC86F0A003DDAEB /* Main.storyboard in Resources */,
				4CAA49FC1FD5E9330027671F /* Icon-48.png in Resources */,
			);
			runOnlyForDeploymentPostprocessing = 0;
		};
/* End PBXResourcesBuildPhase section */

/* Begin PBXSourcesBuildPhase section */
		9B81677F1FC86F0A003DDAEB /* Sources */ = {
			isa = PBXSourcesBuildPhase;
			buildActionMask = 2147483647;
			files = (
				9B8167891FC86F0A003DDAEB /* ViewController.swift in Sources */,
				9B8167871FC86F0A003DDAEB /* AppDelegate.swift in Sources */,
				9B8167991FC87084003DDAEB /* UserDefaultsManager.swift in Sources */,
				9B81679B1FC87386003DDAEB /* GradeController.swift in Sources */,
			);
			runOnlyForDeploymentPostprocessing = 0;
		};
/* End PBXSourcesBuildPhase section */

/* Begin PBXVariantGroup section */
		9B81678A1FC86F0A003DDAEB /* Main.storyboard */ = {
			isa = PBXVariantGroup;
			children = (
				9B81678B1FC86F0A003DDAEB /* Base */,
			);
			name = Main.storyboard;
			sourceTree = "<group>";
		};
		9B81678F1FC86F0A003DDAEB /* LaunchScreen.storyboard */ = {
			isa = PBXVariantGroup;
			children = (
				9B8167901FC86F0A003DDAEB /* Base */,
			);
			name = LaunchScreen.storyboard;
			sourceTree = "<group>";
		};
/* End PBXVariantGroup section */

/* Begin XCBuildConfiguration section */
		9B8167931FC86F0A003DDAEB /* Debug */ = {
			isa = XCBuildConfiguration;
			buildSettings = {
				ALWAYS_SEARCH_USER_PATHS = NO;
				CLANG_ANALYZER_NONNULL = YES;
				CLANG_ANALYZER_NUMBER_OBJECT_CONVERSION = YES_AGGRESSIVE;
				CLANG_CXX_LANGUAGE_STANDARD = "gnu++14";
				CLANG_CXX_LIBRARY = "libc++";
				CLANG_ENABLE_MODULES = YES;
				CLANG_ENABLE_OBJC_ARC = YES;
				CLANG_WARN_BLOCK_CAPTURE_AUTORELEASING = YES;
				CLANG_WARN_BOOL_CONVERSION = YES;
				CLANG_WARN_COMMA = YES;
				CLANG_WARN_CONSTANT_CONVERSION = YES;
				CLANG_WARN_DIRECT_OBJC_ISA_USAGE = YES_ERROR;
				CLANG_WARN_DOCUMENTATION_COMMENTS = YES;
				CLANG_WARN_EMPTY_BODY = YES;
				CLANG_WARN_ENUM_CONVERSION = YES;
				CLANG_WARN_INFINITE_RECURSION = YES;
				CLANG_WARN_INT_CONVERSION = YES;
				CLANG_WARN_NON_LITERAL_NULL_CONVERSION = YES;
				CLANG_WARN_OBJC_LITERAL_CONVERSION = YES;
				CLANG_WARN_OBJC_ROOT_CLASS = YES_ERROR;
				CLANG_WARN_RANGE_LOOP_ANALYSIS = YES;
				CLANG_WARN_STRICT_PROTOTYPES = YES;
				CLANG_WARN_SUSPICIOUS_MOVE = YES;
				CLANG_WARN_UNGUARDED_AVAILABILITY = YES_AGGRESSIVE;
				CLANG_WARN_UNREACHABLE_CODE = YES;
				CLANG_WARN__DUPLICATE_METHOD_MATCH = YES;
				CODE_SIGN_IDENTITY = "iPhone Developer";
				COPY_PHASE_STRIP = NO;
				DEBUG_INFORMATION_FORMAT = dwarf;
				ENABLE_STRICT_OBJC_MSGSEND = YES;
				ENABLE_TESTABILITY = YES;
				GCC_C_LANGUAGE_STANDARD = gnu11;
				GCC_DYNAMIC_NO_PIC = NO;
				GCC_NO_COMMON_BLOCKS = YES;
				GCC_OPTIMIZATION_LEVEL = 0;
				GCC_PREPROCESSOR_DEFINITIONS = (
					"DEBUG=1",
					"$(inherited)",
				);
				GCC_WARN_64_TO_32_BIT_CONVERSION = YES;
				GCC_WARN_ABOUT_RETURN_TYPE = YES_ERROR;
				GCC_WARN_UNDECLARED_SELECTOR = YES;
				GCC_WARN_UNINITIALIZED_AUTOS = YES_AGGRESSIVE;
				GCC_WARN_UNUSED_FUNCTION = YES;
				GCC_WARN_UNUSED_VARIABLE = YES;
				IPHONEOS_DEPLOYMENT_TARGET = 11.1;
				MTL_ENABLE_DEBUG_INFO = YES;
				ONLY_ACTIVE_ARCH = YES;
				SDKROOT = iphoneos;
				SWIFT_ACTIVE_COMPILATION_CONDITIONS = DEBUG;
				SWIFT_OPTIMIZATION_LEVEL = "-Onone";
			};
			name = Debug;
		};
		9B8167941FC86F0A003DDAEB /* Release */ = {
			isa = XCBuildConfiguration;
			buildSettings = {
				ALWAYS_SEARCH_USER_PATHS = NO;
				CLANG_ANALYZER_NONNULL = YES;
				CLANG_ANALYZER_NUMBER_OBJECT_CONVERSION = YES_AGGRESSIVE;
				CLANG_CXX_LANGUAGE_STANDARD = "gnu++14";
				CLANG_CXX_LIBRARY = "libc++";
				CLANG_ENABLE_MODULES = YES;
				CLANG_ENABLE_OBJC_ARC = YES;
				CLANG_WARN_BLOCK_CAPTURE_AUTORELEASING = YES;
				CLANG_WARN_BOOL_CONVERSION = YES;
				CLANG_WARN_COMMA = YES;
				CLANG_WARN_CONSTANT_CONVERSION = YES;
				CLANG_WARN_DIRECT_OBJC_ISA_USAGE = YES_ERROR;
				CLANG_WARN_DOCUMENTATION_COMMENTS = YES;
				CLANG_WARN_EMPTY_BODY = YES;
				CLANG_WARN_ENUM_CONVERSION = YES;
				CLANG_WARN_INFINITE_RECURSION = YES;
				CLANG_WARN_INT_CONVERSION = YES;
				CLANG_WARN_NON_LITERAL_NULL_CONVERSION = YES;
				CLANG_WARN_OBJC_LITERAL_CONVERSION = YES;
				CLANG_WARN_OBJC_ROOT_CLASS = YES_ERROR;
				CLANG_WARN_RANGE_LOOP_ANALYSIS = YES;
				CLANG_WARN_STRICT_PROTOTYPES = YES;
				CLANG_WARN_SUSPICIOUS_MOVE = YES;
				CLANG_WARN_UNGUARDED_AVAILABILITY = YES_AGGRESSIVE;
				CLANG_WARN_UNREACHABLE_CODE = YES;
				CLANG_WARN__DUPLICATE_METHOD_MATCH = YES;
				CODE_SIGN_IDENTITY = "iPhone Developer";
				COPY_PHASE_STRIP = NO;
				DEBUG_INFORMATION_FORMAT = "dwarf-with-dsym";
				ENABLE_NS_ASSERTIONS = NO;
				ENABLE_STRICT_OBJC_MSGSEND = YES;
				GCC_C_LANGUAGE_STANDARD = gnu11;
				GCC_NO_COMMON_BLOCKS = YES;
				GCC_WARN_64_TO_32_BIT_CONVERSION = YES;
				GCC_WARN_ABOUT_RETURN_TYPE = YES_ERROR;
				GCC_WARN_UNDECLARED_SELECTOR = YES;
				GCC_WARN_UNINITIALIZED_AUTOS = YES_AGGRESSIVE;
				GCC_WARN_UNUSED_FUNCTION = YES;
				GCC_WARN_UNUSED_VARIABLE = YES;
				IPHONEOS_DEPLOYMENT_TARGET = 11.1;
				MTL_ENABLE_DEBUG_INFO = NO;
				SDKROOT = iphoneos;
				SWIFT_OPTIMIZATION_LEVEL = "-Owholemodule";
				VALIDATE_PRODUCT = YES;
			};
			name = Release;
		};
		9B8167961FC86F0A003DDAEB /* Debug */ = {
			isa = XCBuildConfiguration;
			buildSettings = {
				ASSETCATALOG_COMPILER_APPICON_NAME = AppIcon;
				CODE_SIGN_STYLE = Automatic;
				INFOPLIST_FILE = "Evaluation+/Info.plist";
				LD_RUNPATH_SEARCH_PATHS = "$(inherited) @executable_path/Frameworks";
				PRODUCT_BUNDLE_IDENTIFIER = "com.rym.Evaluation-";
				PRODUCT_NAME = "$(TARGET_NAME)";
				SWIFT_VERSION = 4.0;
				TARGETED_DEVICE_FAMILY = "1,2";
			};
			name = Debug;
		};
		9B8167971FC86F0A003DDAEB /* Release */ = {
			isa = XCBuildConfiguration;
			buildSettings = {
				ASSETCATALOG_COMPILER_APPICON_NAME = AppIcon;
				CODE_SIGN_STYLE = Automatic;
				INFOPLIST_FILE = "Evaluation+/Info.plist";
				LD_RUNPATH_SEARCH_PATHS = "$(inherited) @executable_path/Frameworks";
				PRODUCT_BUNDLE_IDENTIFIER = "com.rym.Evaluation-";
				PRODUCT_NAME = "$(TARGET_NAME)";
				SWIFT_VERSION = 4.0;
				TARGETED_DEVICE_FAMILY = "1,2";
			};
			name = Release;
		};
/* End XCBuildConfiguration section */

/* Begin XCConfigurationList section */
		9B81677E1FC86F09003DDAEB /* Build configuration list for PBXProject "Evaluation+" */ = {
			isa = XCConfigurationList;
			buildConfigurations = (
				9B8167931FC86F0A003DDAEB /* Debug */,
				9B8167941FC86F0A003DDAEB /* Release */,
			);
			defaultConfigurationIsVisible = 0;
			defaultConfigurationName = Release;
		};
		9B8167951FC86F0A003DDAEB /* Build configuration list for PBXNativeTarget "Evaluation+" */ = {
			isa = XCConfigurationList;
			buildConfigurations = (
				9B8167961FC86F0A003DDAEB /* Debug */,
				9B8167971FC86F0A003DDAEB /* Release */,
			);
			defaultConfigurationIsVisible = 0;
			defaultConfigurationName = Release;
		};
/* End XCConfigurationList section */
	};
	rootObject = 9B81677B1FC86F09003DDAEB /* Project object */;
}
